
Microsoft Visual Studio Solution File, Format Version 12.00
# Visual Studio Version 17
VisualStudioVersion = 17.14.36804.6 d17.14
MinimumVisualStudioVersion = 10.0.40219.1
Project("{FAE04EC0-301F-11D3-BF4B-00C04F79EFBC}") = "GraphQLKursovayaa", "GraphQLKursovayaa.csproj", "{DFA29238-DCEA-4955-A168-F546773DD906}"
EndProject
Global
	GlobalSection(SolutionConfigurationPlatforms) = preSolution
		Debug|Any CPU = Debug|Any CPU
		Release|Any CPU = Release|Any CPU
	EndGlobalSection
	GlobalSection(ProjectConfigurationPlatforms) = postSolution
		{DFA29238-DCEA-4955-A168-F546773DD906}.Debug|Any CPU.ActiveCfg = Debug|Any CPU
		{DFA29238-DCEA-4955-A168-F546773DD906}.Debug|Any CPU.Build.0 = Debug|Any CPU
		{DFA29238-DCEA-4955-A168-F546773DD906}.Release|Any CPU.ActiveCfg = Release|Any CPU
		{DFA29238-DCEA-4955-A168-F546773DD906}.Release|Any CPU.Build.0 = Release|Any CPU
	EndGlobalSection
	GlobalSection(SolutionProperties) = preSolution
		HideSolutionNode = FALSE
	EndGlobalSection
	GlobalSection(ExtensibilityGlobals) = postSolution
		SolutionGuid = {1A84B14B-7931-41AC-A161-1E60C6193151}
	EndGlobalSection
EndGlobal
